github.com/flypenguin/hugo-shortcode-gallery v0.0.0-20220316101205-70572e28ceea h1:K4jg+yQChjGI9E1E99mh6120flF7yJyDiBtgw8RieUQ=
github.com/flypenguin/hugo-shortcode-gallery v0.0.0-20220316101205-70572e28ceea/go.mod h1:Eg2GFDFpah8r36D/D3DnPdukFHUiv1jwa2NJ0FsTl5Q=
github.com/zwbetz-gh/minimal-bootstrap-hugo-theme v0.0.0-20220113144008-309bc164db2b h1:ipKUe+Rg4AuRhaPkl7xvvF3HUlJFiUb2amWiuuyQD+4=
github.com/zwbetz-gh/minimal-bootstrap-hugo-theme v0.0.0-20220113144008-309bc164db2b/go.mod h1:lmBRCcpf+Mx5Mb0u+XsNzby9twyyhAzw05VcGQsp3Bw=
